
Microsoft Visual Studio Solution File, Format Version 12.00
# Visual Studio Version 17
VisualStudioVersion = 17.13.35913.81 d17.13
MinimumVisualStudioVersion = 10.0.40219.1
Project("{FAE04EC0-301F-11D3-BF4B-00C04F79EFBC}") = "CurrencyWallet", "CurrencyWallet\CurrencyWallet.csproj", "{C962016D-1085-4339-B1A9-1FBC36180A66}"
EndProject
Project("{FAE04EC0-301F-11D3-BF4B-00C04F79EFBC}") = "CurrencyWalletTests", "CurrencyWalletTests\CurrencyWalletTests.csproj", "{50532007-794C-43D4-9E91-3BF52066FAD9}"
EndProject
Global
	GlobalSection(SolutionConfigurationPlatforms) = preSolution
		Debug|Any CPU = Debug|Any CPU
		Release|Any CPU = Release|Any CPU
	EndGlobalSection
	GlobalSection(ProjectConfigurationPlatforms) = postSolution
		{C962016D-1085-4339-B1A9-1FBC36180A66}.Debug|Any CPU.ActiveCfg = Debug|Any CPU
		{C962016D-1085-4339-B1A9-1FBC36180A66}.Debug|Any CPU.Build.0 = Debug|Any CPU
		{C962016D-1085-4339-B1A9-1FBC36180A66}.Release|Any CPU.ActiveCfg = Release|Any CPU
		{C962016D-1085-4339-B1A9-1FBC36180A66}.Release|Any CPU.Build.0 = Release|Any CPU
		{50532007-794C-43D4-9E91-3BF52066FAD9}.Debug|Any CPU.ActiveCfg = Debug|Any CPU
		{50532007-794C-43D4-9E91-3BF52066FAD9}.Debug|Any CPU.Build.0 = Debug|Any CPU
		{50532007-794C-43D4-9E91-3BF52066FAD9}.Release|Any CPU.ActiveCfg = Release|Any CPU
		{50532007-794C-43D4-9E91-3BF52066FAD9}.Release|Any CPU.Build.0 = Release|Any CPU
	EndGlobalSection
	GlobalSection(SolutionProperties) = preSolution
		HideSolutionNode = FALSE
	EndGlobalSection
	GlobalSection(ExtensibilityGlobals) = postSolution
		SolutionGuid = {7A2DBEB3-CFEE-4DED-894A-CCEC2F2C2EC5}
	EndGlobalSection
EndGlobal
